
Microsoft Visual Studio Solution File, Format Version 11.00
# Visual Studio 2010
Project("{FAE04EC0-301F-11D3-BF4B-00C04F79EFBC}") = "Yllisan Skies", "Assembly-CSharp.csproj", "{6B128E3F-2AC7-3911-FF39-A455862F974B}"
EndProject
Project("{FAE04EC0-301F-11D3-BF4B-00C04F79EFBC}") = "Yllisan Skies", "Assembly-CSharp-Editor.csproj", "{6C967623-8E7E-7AC5-EB91-D29975807513}"
EndProject
Global
	GlobalSection(SolutionConfigurationPlatforms) = preSolution
		Debug|Any CPU = Debug|Any CPU
		Release|Any CPU = Release|Any CPU
	EndGlobalSection
	GlobalSection(ProjectConfigurationPlatforms) = postSolution
		{6B128E3F-2AC7-3911-FF39-A455862F974B}.Debug|Any CPU.ActiveCfg = Debug|Any CPU
		{6B128E3F-2AC7-3911-FF39-A455862F974B}.Debug|Any CPU.Build.0 = Debug|Any CPU
		{6B128E3F-2AC7-3911-FF39-A455862F974B}.Release|Any CPU.ActiveCfg = Release|Any CPU
		{6B128E3F-2AC7-3911-FF39-A455862F974B}.Release|Any CPU.Build.0 = Release|Any CPU
		{6C967623-8E7E-7AC5-EB91-D29975807513}.Debug|Any CPU.ActiveCfg = Debug|Any CPU
		{6C967623-8E7E-7AC5-EB91-D29975807513}.Debug|Any CPU.Build.0 = Debug|Any CPU
		{6C967623-8E7E-7AC5-EB91-D29975807513}.Release|Any CPU.ActiveCfg = Release|Any CPU
		{6C967623-8E7E-7AC5-EB91-D29975807513}.Release|Any CPU.Build.0 = Release|Any CPU
	EndGlobalSection
	GlobalSection(SolutionProperties) = preSolution
		HideSolutionNode = FALSE
	EndGlobalSection
	GlobalSection(MonoDevelopProperties) = preSolution
		StartupItem = Assembly-CSharp.csproj
	EndGlobalSection
EndGlobal
